
Microsoft Visual Studio Solution File, Format Version 12.00
# Visual Studio Version 16
VisualStudioVersion = 16.0.810.13
MinimumVisualStudioVersion = 10.0.40219.1
Project("{FAE04EC0-301F-11D3-BF4B-00C04F79EFBC}") = "TimeLog", "TimeLog\TimeLog.csproj", "{858F9853-6A30-42D8-8CDC-50317665755B}"
EndProject
Global
	GlobalSection(SolutionConfigurationPlatforms) = preSolution
		Debug|Any CPU = Debug|Any CPU
		Release|Any CPU = Release|Any CPU
	EndGlobalSection
	GlobalSection(ProjectConfigurationPlatforms) = postSolution
		{858F9853-6A30-42D8-8CDC-50317665755B}.Debug|Any CPU.ActiveCfg = Debug|Any CPU
		{858F9853-6A30-42D8-8CDC-50317665755B}.Debug|Any CPU.Build.0 = Debug|Any CPU
		{858F9853-6A30-42D8-8CDC-50317665755B}.Release|Any CPU.ActiveCfg = Release|Any CPU
		{858F9853-6A30-42D8-8CDC-50317665755B}.Release|Any CPU.Build.0 = Release|Any CPU
	EndGlobalSection
	GlobalSection(SolutionProperties) = preSolution
		HideSolutionNode = FALSE
	EndGlobalSection
	GlobalSection(ExtensibilityGlobals) = postSolution
		SolutionGuid = {D9E135C8-F4F6-4DE0-8E4B-8A99CEDA9825}
	EndGlobalSection
EndGlobal
